
Microsoft Visual Studio Solution File, Format Version 12.00
# Visual Studio 15
Project("{FAE04EC0-301F-11D3-BF4B-00C04F79EFBC}") = "Simpleton", "Simpleton\Simpleton.csproj", "{AD7929FC-96C8-42F8-BC3C-7F56379349E5}"
EndProject
Global
	GlobalSection(SolutionConfigurationPlatforms) = preSolution
		Debug|Any CPU = Debug|Any CPU
		Release|Any CPU = Release|Any CPU
	EndGlobalSection
	GlobalSection(ProjectConfigurationPlatforms) = postSolution
		{AD7929FC-96C8-42F8-BC3C-7F56379349E5}.Debug|Any CPU.ActiveCfg = Debug|Any CPU
		{AD7929FC-96C8-42F8-BC3C-7F56379349E5}.Debug|Any CPU.Build.0 = Debug|Any CPU
		{AD7929FC-96C8-42F8-BC3C-7F56379349E5}.Release|Any CPU.ActiveCfg = Release|Any CPU
		{AD7929FC-96C8-42F8-BC3C-7F56379349E5}.Release|Any CPU.Build.0 = Release|Any CPU
	EndGlobalSection
EndGlobal
